
Microsoft Visual Studio Solution File, Format Version 12.00
# Visual Studio Version 17
VisualStudioVersion = 17.0.31903.59
MinimumVisualStudioVersion = 10.0.40219.1
Project("{FAE04EC0-301F-11D3-BF4B-00C04F79EFBC}") = "classeobjeto", "classeobjeto\classeobjeto.csproj", "{EC17CBBA-4924-4223-A59F-348515132C09}"
EndProject
Project("{FAE04EC0-301F-11D3-BF4B-00C04F79EFBC}") = "metodos", "metodos\metodos.csproj", "{13381868-3232-4B66-B68F-4178AC26EE51}"
EndProject
Project("{FAE04EC0-301F-11D3-BF4B-00C04F79EFBC}") = "metodoscomparametros", "metodoscomparametros\metodoscomparametros.csproj", "{38320307-7BA0-420B-9972-9C0F07807010}"
EndProject
Project("{FAE04EC0-301F-11D3-BF4B-00C04F79EFBC}") = "parametros", "parametros\parametros.csproj", "{6F92B287-E8EC-43CC-9A7A-737BCF9D4CC2}"
EndProject
Project("{FAE04EC0-301F-11D3-BF4B-00C04F79EFBC}") = "construtor2", "construtor2\construtor2.csproj", "{AAF584AF-C43B-429F-9E64-873C95E5E052}"
EndProject
Project("{FAE04EC0-301F-11D3-BF4B-00C04F79EFBC}") = "construtor", "construtor\construtor.csproj", "{5A85F66B-41D7-420E-8D68-60174B020CFE}"
EndProject
Project("{FAE04EC0-301F-11D3-BF4B-00C04F79EFBC}") = "metodoscomretorno", "metodoscomretorno\metodoscomretorno.csproj", "{735AEFAB-9714-428E-802C-3EC72C8E499F}"
EndProject
Project("{FAE04EC0-301F-11D3-BF4B-00C04F79EFBC}") = "sobrecargademetodos", "sobrecargademetodos\sobrecargademetodos.csproj", "{78DB4F7A-C6B7-4A54-A1E0-3DB468386F5B}"
EndProject
Project("{FAE04EC0-301F-11D3-BF4B-00C04F79EFBC}") = "argumentosporreferencia", "argumentosporreferencia\argumentosporreferencia.csproj", "{9F8CE8F5-43DD-462D-B3AA-111EA59CB89D}"
EndProject
Project("{FAE04EC0-301F-11D3-BF4B-00C04F79EFBC}") = "argumentosnomeados", "argumentosnomeados\argumentosnomeados.csproj", "{222490C9-63DE-4402-B260-422CC421D2AA}"
EndProject
Project("{FAE04EC0-301F-11D3-BF4B-00C04F79EFBC}") = "parametrosopc", "parametrosopc\parametrosopc.csproj", "{11725740-4326-4A34-9EB9-9DC74102CD9B}"
EndProject
Project("{FAE04EC0-301F-11D3-BF4B-00C04F79EFBC}") = "metodosestaticos", "metodosestaticos\metodosestaticos.csproj", "{81475560-E0F9-465C-8ECC-C1D036BB3975}"
EndProject
Project("{FAE04EC0-301F-11D3-BF4B-00C04F79EFBC}") = "camposestaticos", "camposestaticos\camposestaticos.csproj", "{CCA76AED-9266-44FA-AA45-820620708BD8}"
EndProject
Project("{FAE04EC0-301F-11D3-BF4B-00C04F79EFBC}") = "construtorestatico", "construtorestatico\construtorestatico.csproj", "{E0EF5074-D0BB-456F-A0F7-E2B25A4DDEB2}"
EndProject
Project("{FAE04EC0-301F-11D3-BF4B-00C04F79EFBC}") = "propriedades", "propriedades\propriedades.csproj", "{16DF5682-22F4-4E83-A3C7-C4426BFDF56E}"
EndProject
Project("{FAE04EC0-301F-11D3-BF4B-00C04F79EFBC}") = "structs", "structs\structs.csproj", "{3414AFED-5A3D-4050-B312-FA8CFF5FCBB5}"
EndProject
Project("{FAE04EC0-301F-11D3-BF4B-00C04F79EFBC}") = "enum", "enum\enum.csproj", "{6475A400-0ACC-4C9D-9567-D08F7FAF29F8}"
EndProject
Project("{FAE04EC0-301F-11D3-BF4B-00C04F79EFBC}") = "trycatch", "trycatch\trycatch.csproj", "{A84B3E77-FFE2-4216-AF37-5612D0B06905}"
EndProject
Project("{FAE04EC0-301F-11D3-BF4B-00C04F79EFBC}") = "tiposanonimos", "tiposanonimos\tiposanonimos.csproj", "{94EE4040-10BD-4DDB-80BE-5783221181B2}"
EndProject
Global
	GlobalSection(SolutionConfigurationPlatforms) = preSolution
		Debug|Any CPU = Debug|Any CPU
		Release|Any CPU = Release|Any CPU
	EndGlobalSection
	GlobalSection(SolutionProperties) = preSolution
		HideSolutionNode = FALSE
	EndGlobalSection
	GlobalSection(ProjectConfigurationPlatforms) = postSolution
		{EC17CBBA-4924-4223-A59F-348515132C09}.Debug|Any CPU.ActiveCfg = Debug|Any CPU
		{EC17CBBA-4924-4223-A59F-348515132C09}.Debug|Any CPU.Build.0 = Debug|Any CPU
		{EC17CBBA-4924-4223-A59F-348515132C09}.Release|Any CPU.ActiveCfg = Release|Any CPU
		{EC17CBBA-4924-4223-A59F-348515132C09}.Release|Any CPU.Build.0 = Release|Any CPU
		{13381868-3232-4B66-B68F-4178AC26EE51}.Debug|Any CPU.ActiveCfg = Debug|Any CPU
		{13381868-3232-4B66-B68F-4178AC26EE51}.Debug|Any CPU.Build.0 = Debug|Any CPU
		{13381868-3232-4B66-B68F-4178AC26EE51}.Release|Any CPU.ActiveCfg = Release|Any CPU
		{13381868-3232-4B66-B68F-4178AC26EE51}.Release|Any CPU.Build.0 = Release|Any CPU
		{38320307-7BA0-420B-9972-9C0F07807010}.Debug|Any CPU.ActiveCfg = Debug|Any CPU
		{38320307-7BA0-420B-9972-9C0F07807010}.Debug|Any CPU.Build.0 = Debug|Any CPU
		{38320307-7BA0-420B-9972-9C0F07807010}.Release|Any CPU.ActiveCfg = Release|Any CPU
		{38320307-7BA0-420B-9972-9C0F07807010}.Release|Any CPU.Build.0 = Release|Any CPU
		{6F92B287-E8EC-43CC-9A7A-737BCF9D4CC2}.Debug|Any CPU.ActiveCfg = Debug|Any CPU
		{6F92B287-E8EC-43CC-9A7A-737BCF9D4CC2}.Debug|Any CPU.Build.0 = Debug|Any CPU
		{6F92B287-E8EC-43CC-9A7A-737BCF9D4CC2}.Release|Any CPU.ActiveCfg = Release|Any CPU
		{6F92B287-E8EC-43CC-9A7A-737BCF9D4CC2}.Release|Any CPU.Build.0 = Release|Any CPU
		{AAF584AF-C43B-429F-9E64-873C95E5E052}.Debug|Any CPU.ActiveCfg = Debug|Any CPU
		{AAF584AF-C43B-429F-9E64-873C95E5E052}.Debug|Any CPU.Build.0 = Debug|Any CPU
		{AAF584AF-C43B-429F-9E64-873C95E5E052}.Release|Any CPU.ActiveCfg = Release|Any CPU
		{AAF584AF-C43B-429F-9E64-873C95E5E052}.Release|Any CPU.Build.0 = Release|Any CPU
		{5A85F66B-41D7-420E-8D68-60174B020CFE}.Debug|Any CPU.ActiveCfg = Debug|Any CPU
		{5A85F66B-41D7-420E-8D68-60174B020CFE}.Debug|Any CPU.Build.0 = Debug|Any CPU
		{5A85F66B-41D7-420E-8D68-60174B020CFE}.Release|Any CPU.ActiveCfg = Release|Any CPU
		{5A85F66B-41D7-420E-8D68-60174B020CFE}.Release|Any CPU.Build.0 = Release|Any CPU
		{735AEFAB-9714-428E-802C-3EC72C8E499F}.Debug|Any CPU.ActiveCfg = Debug|Any CPU
		{735AEFAB-9714-428E-802C-3EC72C8E499F}.Debug|Any CPU.Build.0 = Debug|Any CPU
		{735AEFAB-9714-428E-802C-3EC72C8E499F}.Release|Any CPU.ActiveCfg = Release|Any CPU
		{735AEFAB-9714-428E-802C-3EC72C8E499F}.Release|Any CPU.Build.0 = Release|Any CPU
		{78DB4F7A-C6B7-4A54-A1E0-3DB468386F5B}.Debug|Any CPU.ActiveCfg = Debug|Any CPU
		{78DB4F7A-C6B7-4A54-A1E0-3DB468386F5B}.Debug|Any CPU.Build.0 = Debug|Any CPU
		{78DB4F7A-C6B7-4A54-A1E0-3DB468386F5B}.Release|Any CPU.ActiveCfg = Release|Any CPU
		{78DB4F7A-C6B7-4A54-A1E0-3DB468386F5B}.Release|Any CPU.Build.0 = Release|Any CPU
		{9F8CE8F5-43DD-462D-B3AA-111EA59CB89D}.Debug|Any CPU.ActiveCfg = Debug|Any CPU
		{9F8CE8F5-43DD-462D-B3AA-111EA59CB89D}.Debug|Any CPU.Build.0 = Debug|Any CPU
		{9F8CE8F5-43DD-462D-B3AA-111EA59CB89D}.Release|Any CPU.ActiveCfg = Release|Any CPU
		{9F8CE8F5-43DD-462D-B3AA-111EA59CB89D}.Release|Any CPU.Build.0 = Release|Any CPU
		{222490C9-63DE-4402-B260-422CC421D2AA}.Debug|Any CPU.ActiveCfg = Debug|Any CPU
		{222490C9-63DE-4402-B260-422CC421D2AA}.Debug|Any CPU.Build.0 = Debug|Any CPU
		{222490C9-63DE-4402-B260-422CC421D2AA}.Release|Any CPU.ActiveCfg = Release|Any CPU
		{222490C9-63DE-4402-B260-422CC421D2AA}.Release|Any CPU.Build.0 = Release|Any CPU
		{11725740-4326-4A34-9EB9-9DC74102CD9B}.Debug|Any CPU.ActiveCfg = Debug|Any CPU
		{11725740-4326-4A34-9EB9-9DC74102CD9B}.Debug|Any CPU.Build.0 = Debug|Any CPU
		{11725740-4326-4A34-9EB9-9DC74102CD9B}.Release|Any CPU.ActiveCfg = Release|Any CPU
		{11725740-4326-4A34-9EB9-9DC74102CD9B}.Release|Any CPU.Build.0 = Release|Any CPU
		{81475560-E0F9-465C-8ECC-C1D036BB3975}.Debug|Any CPU.ActiveCfg = Debug|Any CPU
		{81475560-E0F9-465C-8ECC-C1D036BB3975}.Debug|Any CPU.Build.0 = Debug|Any CPU
		{81475560-E0F9-465C-8ECC-C1D036BB3975}.Release|Any CPU.ActiveCfg = Release|Any CPU
		{81475560-E0F9-465C-8ECC-C1D036BB3975}.Release|Any CPU.Build.0 = Release|Any CPU
		{CCA76AED-9266-44FA-AA45-820620708BD8}.Debug|Any CPU.ActiveCfg = Debug|Any CPU
		{CCA76AED-9266-44FA-AA45-820620708BD8}.Debug|Any CPU.Build.0 = Debug|Any CPU
		{CCA76AED-9266-44FA-AA45-820620708BD8}.Release|Any CPU.ActiveCfg = Release|Any CPU
		{CCA76AED-9266-44FA-AA45-820620708BD8}.Release|Any CPU.Build.0 = Release|Any CPU
		{E0EF5074-D0BB-456F-A0F7-E2B25A4DDEB2}.Debug|Any CPU.ActiveCfg = Debug|Any CPU
		{E0EF5074-D0BB-456F-A0F7-E2B25A4DDEB2}.Debug|Any CPU.Build.0 = Debug|Any CPU
		{E0EF5074-D0BB-456F-A0F7-E2B25A4DDEB2}.Release|Any CPU.ActiveCfg = Release|Any CPU
		{E0EF5074-D0BB-456F-A0F7-E2B25A4DDEB2}.Release|Any CPU.Build.0 = Release|Any CPU
		{16DF5682-22F4-4E83-A3C7-C4426BFDF56E}.Debug|Any CPU.ActiveCfg = Debug|Any CPU
		{16DF5682-22F4-4E83-A3C7-C4426BFDF56E}.Debug|Any CPU.Build.0 = Debug|Any CPU
		{16DF5682-22F4-4E83-A3C7-C4426BFDF56E}.Release|Any CPU.ActiveCfg = Release|Any CPU
		{16DF5682-22F4-4E83-A3C7-C4426BFDF56E}.Release|Any CPU.Build.0 = Release|Any CPU
		{3414AFED-5A3D-4050-B312-FA8CFF5FCBB5}.Debug|Any CPU.ActiveCfg = Debug|Any CPU
		{3414AFED-5A3D-4050-B312-FA8CFF5FCBB5}.Debug|Any CPU.Build.0 = Debug|Any CPU
		{3414AFED-5A3D-4050-B312-FA8CFF5FCBB5}.Release|Any CPU.ActiveCfg = Release|Any CPU
		{3414AFED-5A3D-4050-B312-FA8CFF5FCBB5}.Release|Any CPU.Build.0 = Release|Any CPU
		{6475A400-0ACC-4C9D-9567-D08F7FAF29F8}.Debug|Any CPU.ActiveCfg = Debug|Any CPU
		{6475A400-0ACC-4C9D-9567-D08F7FAF29F8}.Debug|Any CPU.Build.0 = Debug|Any CPU
		{6475A400-0ACC-4C9D-9567-D08F7FAF29F8}.Release|Any CPU.ActiveCfg = Release|Any CPU
		{6475A400-0ACC-4C9D-9567-D08F7FAF29F8}.Release|Any CPU.Build.0 = Release|Any CPU
		{A84B3E77-FFE2-4216-AF37-5612D0B06905}.Debug|Any CPU.ActiveCfg = Debug|Any CPU
		{A84B3E77-FFE2-4216-AF37-5612D0B06905}.Debug|Any CPU.Build.0 = Debug|Any CPU
		{A84B3E77-FFE2-4216-AF37-5612D0B06905}.Release|Any CPU.ActiveCfg = Release|Any CPU
		{A84B3E77-FFE2-4216-AF37-5612D0B06905}.Release|Any CPU.Build.0 = Release|Any CPU
		{94EE4040-10BD-4DDB-80BE-5783221181B2}.Debug|Any CPU.ActiveCfg = Debug|Any CPU
		{94EE4040-10BD-4DDB-80BE-5783221181B2}.Debug|Any CPU.Build.0 = Debug|Any CPU
		{94EE4040-10BD-4DDB-80BE-5783221181B2}.Release|Any CPU.ActiveCfg = Release|Any CPU
		{94EE4040-10BD-4DDB-80BE-5783221181B2}.Release|Any CPU.Build.0 = Release|Any CPU
	EndGlobalSection
EndGlobal
