
Microsoft Visual Studio Solution File, Format Version 12.00
# Visual Studio Version 17
VisualStudioVersion = 17.0.31903.59
MinimumVisualStudioVersion = 10.0.40219.1
Project("{FAE04EC0-301F-11D3-BF4B-00C04F79EFBC}") = "GenericIntrodution", "GenericIntrodution\GenericIntrodution.csproj", "{09475E4C-4756-49FF-BE9C-356558966694}"
EndProject
Project("{FAE04EC0-301F-11D3-BF4B-00C04F79EFBC}") = "CompareClasses", "CompareClasses\CompareClasses.csproj", "{458ED0A0-0627-4889-BE6D-2F27A8143F1B}"
EndProject
Project("{FAE04EC0-301F-11D3-BF4B-00C04F79EFBC}") = "Dictionary", "Dictionary\Dictionary.csproj", "{612396BB-7E7E-480C-AA7C-B1CD492ED16C}"
EndProject
Global
	GlobalSection(SolutionConfigurationPlatforms) = preSolution
		Debug|Any CPU = Debug|Any CPU
		Release|Any CPU = Release|Any CPU
	EndGlobalSection
	GlobalSection(SolutionProperties) = preSolution
		HideSolutionNode = FALSE
	EndGlobalSection
	GlobalSection(ProjectConfigurationPlatforms) = postSolution
		{09475E4C-4756-49FF-BE9C-356558966694}.Debug|Any CPU.ActiveCfg = Debug|Any CPU
		{09475E4C-4756-49FF-BE9C-356558966694}.Debug|Any CPU.Build.0 = Debug|Any CPU
		{09475E4C-4756-49FF-BE9C-356558966694}.Release|Any CPU.ActiveCfg = Release|Any CPU
		{09475E4C-4756-49FF-BE9C-356558966694}.Release|Any CPU.Build.0 = Release|Any CPU
		{458ED0A0-0627-4889-BE6D-2F27A8143F1B}.Debug|Any CPU.ActiveCfg = Debug|Any CPU
		{458ED0A0-0627-4889-BE6D-2F27A8143F1B}.Debug|Any CPU.Build.0 = Debug|Any CPU
		{458ED0A0-0627-4889-BE6D-2F27A8143F1B}.Release|Any CPU.ActiveCfg = Release|Any CPU
		{458ED0A0-0627-4889-BE6D-2F27A8143F1B}.Release|Any CPU.Build.0 = Release|Any CPU
		{612396BB-7E7E-480C-AA7C-B1CD492ED16C}.Debug|Any CPU.ActiveCfg = Debug|Any CPU
		{612396BB-7E7E-480C-AA7C-B1CD492ED16C}.Debug|Any CPU.Build.0 = Debug|Any CPU
		{612396BB-7E7E-480C-AA7C-B1CD492ED16C}.Release|Any CPU.ActiveCfg = Release|Any CPU
		{612396BB-7E7E-480C-AA7C-B1CD492ED16C}.Release|Any CPU.Build.0 = Release|Any CPU
	EndGlobalSection
EndGlobal
