
Microsoft Visual Studio Solution File, Format Version 12.00
# Visual Studio Version 17
VisualStudioVersion = 17.0.31903.59
MinimumVisualStudioVersion = 10.0.40219.1
Project("{FAE04EC0-301F-11D3-BF4B-00C04F79EFBC}") = "if", "if\if.csproj", "{545C4798-315F-480F-9567-F686A25682F5}"
EndProject
Project("{FAE04EC0-301F-11D3-BF4B-00C04F79EFBC}") = "ifelse", "ifelse\ifelse.csproj", "{28E16966-20B6-476C-90DD-E3F055CB4B67}"
EndProject
Project("{FAE04EC0-301F-11D3-BF4B-00C04F79EFBC}") = "ifelseif", "ifelseif\ifelseif.csproj", "{659F9A8D-8B2C-430E-A19E-9FA573DA4FD8}"
EndProject
Project("{FAE04EC0-301F-11D3-BF4B-00C04F79EFBC}") = "switch", "switch\switch.csproj", "{7F4A3733-E68C-4048-8290-FF57F4FA56F5}"
EndProject
Project("{FAE04EC0-301F-11D3-BF4B-00C04F79EFBC}") = "switch2", "switch2\switch2.csproj", "{633305FB-9552-4E59-BE93-4F9F04C13259}"
EndProject
Project("{FAE04EC0-301F-11D3-BF4B-00C04F79EFBC}") = "estruturaderepeticao", "estruturaderepeticao\estruturaderepeticao.csproj", "{F758B4A1-46DA-486B-943B-CCC8FB3DCC08}"
EndProject
Global
	GlobalSection(SolutionConfigurationPlatforms) = preSolution
		Debug|Any CPU = Debug|Any CPU
		Release|Any CPU = Release|Any CPU
	EndGlobalSection
	GlobalSection(SolutionProperties) = preSolution
		HideSolutionNode = FALSE
	EndGlobalSection
	GlobalSection(ProjectConfigurationPlatforms) = postSolution
		{545C4798-315F-480F-9567-F686A25682F5}.Debug|Any CPU.ActiveCfg = Debug|Any CPU
		{545C4798-315F-480F-9567-F686A25682F5}.Debug|Any CPU.Build.0 = Debug|Any CPU
		{545C4798-315F-480F-9567-F686A25682F5}.Release|Any CPU.ActiveCfg = Release|Any CPU
		{545C4798-315F-480F-9567-F686A25682F5}.Release|Any CPU.Build.0 = Release|Any CPU
		{28E16966-20B6-476C-90DD-E3F055CB4B67}.Debug|Any CPU.ActiveCfg = Debug|Any CPU
		{28E16966-20B6-476C-90DD-E3F055CB4B67}.Debug|Any CPU.Build.0 = Debug|Any CPU
		{28E16966-20B6-476C-90DD-E3F055CB4B67}.Release|Any CPU.ActiveCfg = Release|Any CPU
		{28E16966-20B6-476C-90DD-E3F055CB4B67}.Release|Any CPU.Build.0 = Release|Any CPU
		{659F9A8D-8B2C-430E-A19E-9FA573DA4FD8}.Debug|Any CPU.ActiveCfg = Debug|Any CPU
		{659F9A8D-8B2C-430E-A19E-9FA573DA4FD8}.Debug|Any CPU.Build.0 = Debug|Any CPU
		{659F9A8D-8B2C-430E-A19E-9FA573DA4FD8}.Release|Any CPU.ActiveCfg = Release|Any CPU
		{659F9A8D-8B2C-430E-A19E-9FA573DA4FD8}.Release|Any CPU.Build.0 = Release|Any CPU
		{7F4A3733-E68C-4048-8290-FF57F4FA56F5}.Debug|Any CPU.ActiveCfg = Debug|Any CPU
		{7F4A3733-E68C-4048-8290-FF57F4FA56F5}.Debug|Any CPU.Build.0 = Debug|Any CPU
		{7F4A3733-E68C-4048-8290-FF57F4FA56F5}.Release|Any CPU.ActiveCfg = Release|Any CPU
		{7F4A3733-E68C-4048-8290-FF57F4FA56F5}.Release|Any CPU.Build.0 = Release|Any CPU
		{633305FB-9552-4E59-BE93-4F9F04C13259}.Debug|Any CPU.ActiveCfg = Debug|Any CPU
		{633305FB-9552-4E59-BE93-4F9F04C13259}.Debug|Any CPU.Build.0 = Debug|Any CPU
		{633305FB-9552-4E59-BE93-4F9F04C13259}.Release|Any CPU.ActiveCfg = Release|Any CPU
		{633305FB-9552-4E59-BE93-4F9F04C13259}.Release|Any CPU.Build.0 = Release|Any CPU
		{F758B4A1-46DA-486B-943B-CCC8FB3DCC08}.Debug|Any CPU.ActiveCfg = Debug|Any CPU
		{F758B4A1-46DA-486B-943B-CCC8FB3DCC08}.Debug|Any CPU.Build.0 = Debug|Any CPU
		{F758B4A1-46DA-486B-943B-CCC8FB3DCC08}.Release|Any CPU.ActiveCfg = Release|Any CPU
		{F758B4A1-46DA-486B-943B-CCC8FB3DCC08}.Release|Any CPU.Build.0 = Release|Any CPU
	EndGlobalSection
EndGlobal
