
Microsoft Visual Studio Solution File, Format Version 12.00
# Visual Studio Version 17
VisualStudioVersion = 17.0.31903.59
MinimumVisualStudioVersion = 10.0.40219.1
Project("{FAE04EC0-301F-11D3-BF4B-00C04F79EFBC}") = "projeto", "projeto\projeto.csproj", "{52A9EEEF-FEFA-4259-98AE-B617E6E93245}"
EndProject
Project("{FAE04EC0-301F-11D3-BF4B-00C04F79EFBC}") = "TiposFloat", "TiposFloat\TiposFloat.csproj", "{02EA6E5B-E97C-42B3-8CD8-088C7133DC83}"
EndProject
Project("{FAE04EC0-301F-11D3-BF4B-00C04F79EFBC}") = "tiponaonumerico", "Tiponaonumerico\tiponaonumerico.csproj", "{1A52C81F-D17C-4864-976E-E24957697C1A}"
EndProject
Project("{FAE04EC0-301F-11D3-BF4B-00C04F79EFBC}") = "Tiposint", "TiposInt\Tiposint.csproj", "{E58AC63D-2AEF-4207-B16C-91EA914270D1}"
EndProject
Project("{FAE04EC0-301F-11D3-BF4B-00C04F79EFBC}") = "TiposReferencia", "TiposReferencia\TiposReferencia.csproj", "{78F85169-6685-45E3-86C2-E51FA9A9DE40}"
EndProject
Project("{FAE04EC0-301F-11D3-BF4B-00C04F79EFBC}") = "datetime", "datetime\datetime.csproj", "{28C6CB80-084A-453A-9201-478CACA96B22}"
EndProject
Project("{FAE04EC0-301F-11D3-BF4B-00C04F79EFBC}") = "TiposNullable", "TiposNullable\TiposNullable.csproj", "{4943A371-D704-400B-9419-C7144ED90FCA}"
EndProject
Project("{FAE04EC0-301F-11D3-BF4B-00C04F79EFBC}") = "identificadores", "identificadores\identificadores.csproj", "{3F742789-AA22-46A1-A28E-BE2860D1970C}"
EndProject
Project("{FAE04EC0-301F-11D3-BF4B-00C04F79EFBC}") = "formatarsaidadedados", "formatarsaidadedados\formatarsaidadedados.csproj", "{56728022-500C-4483-8199-9930D805F903}"
EndProject
Project("{FAE04EC0-301F-11D3-BF4B-00C04F79EFBC}") = "escapesnaformatacao", "escapesnaformatacao\escapesnaformatacao.csproj", "{193A53BC-7EB5-4E78-936F-B60A542BA5AD}"
EndProject
Project("{FAE04EC0-301F-11D3-BF4B-00C04F79EFBC}") = "conversaodetipos1", "conversaodetipos1\conversaodetipos1.csproj", "{1A01644C-2E62-468C-84DD-105A6C1F8B94}"
EndProject
Project("{FAE04EC0-301F-11D3-BF4B-00C04F79EFBC}") = "conversaodetipos2", "conversaodetipos2\conversaodetipos2.csproj", "{8DA96D2A-032B-402B-89C6-D0AC6B6E4A6E}"
EndProject
Project("{FAE04EC0-301F-11D3-BF4B-00C04F79EFBC}") = "entradadedados", "entradadedados\entradadedados.csproj", "{C91761F2-37BA-4138-9DF3-734C93229829}"
EndProject
Global
	GlobalSection(SolutionConfigurationPlatforms) = preSolution
		Debug|Any CPU = Debug|Any CPU
		Release|Any CPU = Release|Any CPU
	EndGlobalSection
	GlobalSection(SolutionProperties) = preSolution
		HideSolutionNode = FALSE
	EndGlobalSection
	GlobalSection(ProjectConfigurationPlatforms) = postSolution
		{52A9EEEF-FEFA-4259-98AE-B617E6E93245}.Debug|Any CPU.ActiveCfg = Debug|Any CPU
		{52A9EEEF-FEFA-4259-98AE-B617E6E93245}.Debug|Any CPU.Build.0 = Debug|Any CPU
		{52A9EEEF-FEFA-4259-98AE-B617E6E93245}.Release|Any CPU.ActiveCfg = Release|Any CPU
		{52A9EEEF-FEFA-4259-98AE-B617E6E93245}.Release|Any CPU.Build.0 = Release|Any CPU
		{02EA6E5B-E97C-42B3-8CD8-088C7133DC83}.Debug|Any CPU.ActiveCfg = Debug|Any CPU
		{02EA6E5B-E97C-42B3-8CD8-088C7133DC83}.Debug|Any CPU.Build.0 = Debug|Any CPU
		{02EA6E5B-E97C-42B3-8CD8-088C7133DC83}.Release|Any CPU.ActiveCfg = Release|Any CPU
		{02EA6E5B-E97C-42B3-8CD8-088C7133DC83}.Release|Any CPU.Build.0 = Release|Any CPU
		{1A52C81F-D17C-4864-976E-E24957697C1A}.Debug|Any CPU.ActiveCfg = Debug|Any CPU
		{1A52C81F-D17C-4864-976E-E24957697C1A}.Debug|Any CPU.Build.0 = Debug|Any CPU
		{1A52C81F-D17C-4864-976E-E24957697C1A}.Release|Any CPU.ActiveCfg = Release|Any CPU
		{1A52C81F-D17C-4864-976E-E24957697C1A}.Release|Any CPU.Build.0 = Release|Any CPU
		{E58AC63D-2AEF-4207-B16C-91EA914270D1}.Debug|Any CPU.ActiveCfg = Debug|Any CPU
		{E58AC63D-2AEF-4207-B16C-91EA914270D1}.Debug|Any CPU.Build.0 = Debug|Any CPU
		{E58AC63D-2AEF-4207-B16C-91EA914270D1}.Release|Any CPU.ActiveCfg = Release|Any CPU
		{E58AC63D-2AEF-4207-B16C-91EA914270D1}.Release|Any CPU.Build.0 = Release|Any CPU
		{78F85169-6685-45E3-86C2-E51FA9A9DE40}.Debug|Any CPU.ActiveCfg = Debug|Any CPU
		{78F85169-6685-45E3-86C2-E51FA9A9DE40}.Debug|Any CPU.Build.0 = Debug|Any CPU
		{78F85169-6685-45E3-86C2-E51FA9A9DE40}.Release|Any CPU.ActiveCfg = Release|Any CPU
		{78F85169-6685-45E3-86C2-E51FA9A9DE40}.Release|Any CPU.Build.0 = Release|Any CPU
		{28C6CB80-084A-453A-9201-478CACA96B22}.Debug|Any CPU.ActiveCfg = Debug|Any CPU
		{28C6CB80-084A-453A-9201-478CACA96B22}.Debug|Any CPU.Build.0 = Debug|Any CPU
		{28C6CB80-084A-453A-9201-478CACA96B22}.Release|Any CPU.ActiveCfg = Release|Any CPU
		{28C6CB80-084A-453A-9201-478CACA96B22}.Release|Any CPU.Build.0 = Release|Any CPU
		{4943A371-D704-400B-9419-C7144ED90FCA}.Debug|Any CPU.ActiveCfg = Debug|Any CPU
		{4943A371-D704-400B-9419-C7144ED90FCA}.Debug|Any CPU.Build.0 = Debug|Any CPU
		{4943A371-D704-400B-9419-C7144ED90FCA}.Release|Any CPU.ActiveCfg = Release|Any CPU
		{4943A371-D704-400B-9419-C7144ED90FCA}.Release|Any CPU.Build.0 = Release|Any CPU
		{3F742789-AA22-46A1-A28E-BE2860D1970C}.Debug|Any CPU.ActiveCfg = Debug|Any CPU
		{3F742789-AA22-46A1-A28E-BE2860D1970C}.Debug|Any CPU.Build.0 = Debug|Any CPU
		{3F742789-AA22-46A1-A28E-BE2860D1970C}.Release|Any CPU.ActiveCfg = Release|Any CPU
		{3F742789-AA22-46A1-A28E-BE2860D1970C}.Release|Any CPU.Build.0 = Release|Any CPU
		{56728022-500C-4483-8199-9930D805F903}.Debug|Any CPU.ActiveCfg = Debug|Any CPU
		{56728022-500C-4483-8199-9930D805F903}.Debug|Any CPU.Build.0 = Debug|Any CPU
		{56728022-500C-4483-8199-9930D805F903}.Release|Any CPU.ActiveCfg = Release|Any CPU
		{56728022-500C-4483-8199-9930D805F903}.Release|Any CPU.Build.0 = Release|Any CPU
		{193A53BC-7EB5-4E78-936F-B60A542BA5AD}.Debug|Any CPU.ActiveCfg = Debug|Any CPU
		{193A53BC-7EB5-4E78-936F-B60A542BA5AD}.Debug|Any CPU.Build.0 = Debug|Any CPU
		{193A53BC-7EB5-4E78-936F-B60A542BA5AD}.Release|Any CPU.ActiveCfg = Release|Any CPU
		{193A53BC-7EB5-4E78-936F-B60A542BA5AD}.Release|Any CPU.Build.0 = Release|Any CPU
		{1A01644C-2E62-468C-84DD-105A6C1F8B94}.Debug|Any CPU.ActiveCfg = Debug|Any CPU
		{1A01644C-2E62-468C-84DD-105A6C1F8B94}.Debug|Any CPU.Build.0 = Debug|Any CPU
		{1A01644C-2E62-468C-84DD-105A6C1F8B94}.Release|Any CPU.ActiveCfg = Release|Any CPU
		{1A01644C-2E62-468C-84DD-105A6C1F8B94}.Release|Any CPU.Build.0 = Release|Any CPU
		{8DA96D2A-032B-402B-89C6-D0AC6B6E4A6E}.Debug|Any CPU.ActiveCfg = Debug|Any CPU
		{8DA96D2A-032B-402B-89C6-D0AC6B6E4A6E}.Debug|Any CPU.Build.0 = Debug|Any CPU
		{8DA96D2A-032B-402B-89C6-D0AC6B6E4A6E}.Release|Any CPU.ActiveCfg = Release|Any CPU
		{8DA96D2A-032B-402B-89C6-D0AC6B6E4A6E}.Release|Any CPU.Build.0 = Release|Any CPU
		{C91761F2-37BA-4138-9DF3-734C93229829}.Debug|Any CPU.ActiveCfg = Debug|Any CPU
		{C91761F2-37BA-4138-9DF3-734C93229829}.Debug|Any CPU.Build.0 = Debug|Any CPU
		{C91761F2-37BA-4138-9DF3-734C93229829}.Release|Any CPU.ActiveCfg = Release|Any CPU
		{C91761F2-37BA-4138-9DF3-734C93229829}.Release|Any CPU.Build.0 = Release|Any CPU
	EndGlobalSection
EndGlobal
