
Microsoft Visual Studio Solution File, Format Version 12.00
# Visual Studio Version 17
VisualStudioVersion = 17.0.31903.59
MinimumVisualStudioVersion = 10.0.40219.1
Project("{FAE04EC0-301F-11D3-BF4B-00C04F79EFBC}") = "exercicios-fase2", "exercicios-fase2\exercicios-fase2.csproj", "{3555F5E5-E5C5-48FF-BD22-0612BB0A49E1}"
EndProject
Project("{FAE04EC0-301F-11D3-BF4B-00C04F79EFBC}") = "exercicios-fase3", "exercicios-fase3\exercicios-fase3.csproj", "{F4CAEFC3-0582-4FAC-8DF3-D57ED4F240D0}"
EndProject
Global
	GlobalSection(SolutionConfigurationPlatforms) = preSolution
		Debug|Any CPU = Debug|Any CPU
		Release|Any CPU = Release|Any CPU
	EndGlobalSection
	GlobalSection(SolutionProperties) = preSolution
		HideSolutionNode = FALSE
	EndGlobalSection
	GlobalSection(ProjectConfigurationPlatforms) = postSolution
		{3555F5E5-E5C5-48FF-BD22-0612BB0A49E1}.Debug|Any CPU.ActiveCfg = Debug|Any CPU
		{3555F5E5-E5C5-48FF-BD22-0612BB0A49E1}.Debug|Any CPU.Build.0 = Debug|Any CPU
		{3555F5E5-E5C5-48FF-BD22-0612BB0A49E1}.Release|Any CPU.ActiveCfg = Release|Any CPU
		{3555F5E5-E5C5-48FF-BD22-0612BB0A49E1}.Release|Any CPU.Build.0 = Release|Any CPU
		{F4CAEFC3-0582-4FAC-8DF3-D57ED4F240D0}.Debug|Any CPU.ActiveCfg = Debug|Any CPU
		{F4CAEFC3-0582-4FAC-8DF3-D57ED4F240D0}.Debug|Any CPU.Build.0 = Debug|Any CPU
		{F4CAEFC3-0582-4FAC-8DF3-D57ED4F240D0}.Release|Any CPU.ActiveCfg = Release|Any CPU
		{F4CAEFC3-0582-4FAC-8DF3-D57ED4F240D0}.Release|Any CPU.Build.0 = Release|Any CPU
	EndGlobalSection
EndGlobal
