
Microsoft Visual Studio Solution File, Format Version 12.00
# Visual Studio Version 17
VisualStudioVersion = 17.0.31903.59
MinimumVisualStudioVersion = 10.0.40219.1
Project("{FAE04EC0-301F-11D3-BF4B-00C04F79EFBC}") = "exercicios-fase2", "exercicios-fase2\exercicios-fase2.csproj", "{3555F5E5-E5C5-48FF-BD22-0612BB0A49E1}"
EndProject
Project("{FAE04EC0-301F-11D3-BF4B-00C04F79EFBC}") = "exercicios-fase3", "exercicios-fase3\exercicios-fase3.csproj", "{F4CAEFC3-0582-4FAC-8DF3-D57ED4F240D0}"
EndProject
Project("{FAE04EC0-301F-11D3-BF4B-00C04F79EFBC}") = "classes-exs1", "classes-exs1\classes-exs1.csproj", "{4D54FDD3-2EC8-4FE7-9A88-D61BC7C28BAD}"
EndProject
Project("{FAE04EC0-301F-11D3-BF4B-00C04F79EFBC}") = "classes-exs2", "classes-exs2\classes-exs2.csproj", "{3E1A8095-7A25-491E-9991-40BABAF5BA42}"
EndProject
Project("{FAE04EC0-301F-11D3-BF4B-00C04F79EFBC}") = "classes-exs3", "classes-exs3\classes-exs3.csproj", "{4F519554-10C3-4E8A-9544-C0928E2AF07B}"
EndProject
Project("{FAE04EC0-301F-11D3-BF4B-00C04F79EFBC}") = "classes-exs4", "classes-exs4\classes-exs4.csproj", "{FF2F720A-70B2-4EA0-8E32-A59A1AFFF8E4}"
EndProject
Project("{FAE04EC0-301F-11D3-BF4B-00C04F79EFBC}") = "classes-exs5", "classes-exs5\classes-exs5.csproj", "{A68A359C-5FD1-4051-85DF-8B076668D639}"
EndProject
Project("{FAE04EC0-301F-11D3-BF4B-00C04F79EFBC}") = "classes-exs6", "classes-exs6\classes-exs6.csproj", "{F74DB9C5-48FE-422A-9C5C-2C311151AF1F}"
EndProject
Project("{FAE04EC0-301F-11D3-BF4B-00C04F79EFBC}") = "camposestaticos-exs", "camposestaticos-exs\camposestaticos-exs.csproj", "{A038280F-F5D7-4B2B-A875-93540F35D68A}"
EndProject
Project("{FAE04EC0-301F-11D3-BF4B-00C04F79EFBC}") = "classes-exs7", "classes-exs7\classes-exs7.csproj", "{C03CD899-E36A-4A62-B28D-B0094C784D13}"
EndProject
Project("{FAE04EC0-301F-11D3-BF4B-00C04F79EFBC}") = "classes-exs8", "classes-exs8\classes-exs8.csproj", "{19A8F3DD-D12F-4DEC-82E5-DBA4322E7502}"
EndProject
Project("{FAE04EC0-301F-11D3-BF4B-00C04F79EFBC}") = "classes-exs9", "classes-exs9\classes-exs9.csproj", "{A86803EB-563D-4F25-A3BB-89B03931423E}"
EndProject
Project("{FAE04EC0-301F-11D3-BF4B-00C04F79EFBC}") = "classes-exs10", "classes-exs10\classes-exs10.csproj", "{36964D43-1FD7-458B-BC7F-C48CE86BA64F}"
EndProject
Project("{FAE04EC0-301F-11D3-BF4B-00C04F79EFBC}") = "classes-exs11", "classes-exs11\classes-exs11.csproj", "{F75A2AAE-41B7-48E6-9033-A0E0AF394512}"
EndProject
Project("{FAE04EC0-301F-11D3-BF4B-00C04F79EFBC}") = "teste", "teste\teste.csproj", "{E2513B33-3E1D-4C01-BD58-1A5719D76224}"
EndProject
Project("{FAE04EC0-301F-11D3-BF4B-00C04F79EFBC}") = "arrays-exs2", "arrays-exs2\arrays-exs2.csproj", "{E168B2B8-4371-4B82-A418-EAC16A525618}"
EndProject
Global
	GlobalSection(SolutionConfigurationPlatforms) = preSolution
		Debug|Any CPU = Debug|Any CPU
		Release|Any CPU = Release|Any CPU
	EndGlobalSection
	GlobalSection(SolutionProperties) = preSolution
		HideSolutionNode = FALSE
	EndGlobalSection
	GlobalSection(ProjectConfigurationPlatforms) = postSolution
		{3555F5E5-E5C5-48FF-BD22-0612BB0A49E1}.Debug|Any CPU.ActiveCfg = Debug|Any CPU
		{3555F5E5-E5C5-48FF-BD22-0612BB0A49E1}.Debug|Any CPU.Build.0 = Debug|Any CPU
		{3555F5E5-E5C5-48FF-BD22-0612BB0A49E1}.Release|Any CPU.ActiveCfg = Release|Any CPU
		{3555F5E5-E5C5-48FF-BD22-0612BB0A49E1}.Release|Any CPU.Build.0 = Release|Any CPU
		{F4CAEFC3-0582-4FAC-8DF3-D57ED4F240D0}.Debug|Any CPU.ActiveCfg = Debug|Any CPU
		{F4CAEFC3-0582-4FAC-8DF3-D57ED4F240D0}.Debug|Any CPU.Build.0 = Debug|Any CPU
		{F4CAEFC3-0582-4FAC-8DF3-D57ED4F240D0}.Release|Any CPU.ActiveCfg = Release|Any CPU
		{F4CAEFC3-0582-4FAC-8DF3-D57ED4F240D0}.Release|Any CPU.Build.0 = Release|Any CPU
		{4D54FDD3-2EC8-4FE7-9A88-D61BC7C28BAD}.Debug|Any CPU.ActiveCfg = Debug|Any CPU
		{4D54FDD3-2EC8-4FE7-9A88-D61BC7C28BAD}.Debug|Any CPU.Build.0 = Debug|Any CPU
		{4D54FDD3-2EC8-4FE7-9A88-D61BC7C28BAD}.Release|Any CPU.ActiveCfg = Release|Any CPU
		{4D54FDD3-2EC8-4FE7-9A88-D61BC7C28BAD}.Release|Any CPU.Build.0 = Release|Any CPU
		{3E1A8095-7A25-491E-9991-40BABAF5BA42}.Debug|Any CPU.ActiveCfg = Debug|Any CPU
		{3E1A8095-7A25-491E-9991-40BABAF5BA42}.Debug|Any CPU.Build.0 = Debug|Any CPU
		{3E1A8095-7A25-491E-9991-40BABAF5BA42}.Release|Any CPU.ActiveCfg = Release|Any CPU
		{3E1A8095-7A25-491E-9991-40BABAF5BA42}.Release|Any CPU.Build.0 = Release|Any CPU
		{4F519554-10C3-4E8A-9544-C0928E2AF07B}.Debug|Any CPU.ActiveCfg = Debug|Any CPU
		{4F519554-10C3-4E8A-9544-C0928E2AF07B}.Debug|Any CPU.Build.0 = Debug|Any CPU
		{4F519554-10C3-4E8A-9544-C0928E2AF07B}.Release|Any CPU.ActiveCfg = Release|Any CPU
		{4F519554-10C3-4E8A-9544-C0928E2AF07B}.Release|Any CPU.Build.0 = Release|Any CPU
		{FF2F720A-70B2-4EA0-8E32-A59A1AFFF8E4}.Debug|Any CPU.ActiveCfg = Debug|Any CPU
		{FF2F720A-70B2-4EA0-8E32-A59A1AFFF8E4}.Debug|Any CPU.Build.0 = Debug|Any CPU
		{FF2F720A-70B2-4EA0-8E32-A59A1AFFF8E4}.Release|Any CPU.ActiveCfg = Release|Any CPU
		{FF2F720A-70B2-4EA0-8E32-A59A1AFFF8E4}.Release|Any CPU.Build.0 = Release|Any CPU
		{A68A359C-5FD1-4051-85DF-8B076668D639}.Debug|Any CPU.ActiveCfg = Debug|Any CPU
		{A68A359C-5FD1-4051-85DF-8B076668D639}.Debug|Any CPU.Build.0 = Debug|Any CPU
		{A68A359C-5FD1-4051-85DF-8B076668D639}.Release|Any CPU.ActiveCfg = Release|Any CPU
		{A68A359C-5FD1-4051-85DF-8B076668D639}.Release|Any CPU.Build.0 = Release|Any CPU
		{F74DB9C5-48FE-422A-9C5C-2C311151AF1F}.Debug|Any CPU.ActiveCfg = Debug|Any CPU
		{F74DB9C5-48FE-422A-9C5C-2C311151AF1F}.Debug|Any CPU.Build.0 = Debug|Any CPU
		{F74DB9C5-48FE-422A-9C5C-2C311151AF1F}.Release|Any CPU.ActiveCfg = Release|Any CPU
		{F74DB9C5-48FE-422A-9C5C-2C311151AF1F}.Release|Any CPU.Build.0 = Release|Any CPU
		{A038280F-F5D7-4B2B-A875-93540F35D68A}.Debug|Any CPU.ActiveCfg = Debug|Any CPU
		{A038280F-F5D7-4B2B-A875-93540F35D68A}.Debug|Any CPU.Build.0 = Debug|Any CPU
		{A038280F-F5D7-4B2B-A875-93540F35D68A}.Release|Any CPU.ActiveCfg = Release|Any CPU
		{A038280F-F5D7-4B2B-A875-93540F35D68A}.Release|Any CPU.Build.0 = Release|Any CPU
		{C03CD899-E36A-4A62-B28D-B0094C784D13}.Debug|Any CPU.ActiveCfg = Debug|Any CPU
		{C03CD899-E36A-4A62-B28D-B0094C784D13}.Debug|Any CPU.Build.0 = Debug|Any CPU
		{C03CD899-E36A-4A62-B28D-B0094C784D13}.Release|Any CPU.ActiveCfg = Release|Any CPU
		{C03CD899-E36A-4A62-B28D-B0094C784D13}.Release|Any CPU.Build.0 = Release|Any CPU
		{19A8F3DD-D12F-4DEC-82E5-DBA4322E7502}.Debug|Any CPU.ActiveCfg = Debug|Any CPU
		{19A8F3DD-D12F-4DEC-82E5-DBA4322E7502}.Debug|Any CPU.Build.0 = Debug|Any CPU
		{19A8F3DD-D12F-4DEC-82E5-DBA4322E7502}.Release|Any CPU.ActiveCfg = Release|Any CPU
		{19A8F3DD-D12F-4DEC-82E5-DBA4322E7502}.Release|Any CPU.Build.0 = Release|Any CPU
		{A86803EB-563D-4F25-A3BB-89B03931423E}.Debug|Any CPU.ActiveCfg = Debug|Any CPU
		{A86803EB-563D-4F25-A3BB-89B03931423E}.Debug|Any CPU.Build.0 = Debug|Any CPU
		{A86803EB-563D-4F25-A3BB-89B03931423E}.Release|Any CPU.ActiveCfg = Release|Any CPU
		{A86803EB-563D-4F25-A3BB-89B03931423E}.Release|Any CPU.Build.0 = Release|Any CPU
		{36964D43-1FD7-458B-BC7F-C48CE86BA64F}.Debug|Any CPU.ActiveCfg = Debug|Any CPU
		{36964D43-1FD7-458B-BC7F-C48CE86BA64F}.Debug|Any CPU.Build.0 = Debug|Any CPU
		{36964D43-1FD7-458B-BC7F-C48CE86BA64F}.Release|Any CPU.ActiveCfg = Release|Any CPU
		{36964D43-1FD7-458B-BC7F-C48CE86BA64F}.Release|Any CPU.Build.0 = Release|Any CPU
		{F75A2AAE-41B7-48E6-9033-A0E0AF394512}.Debug|Any CPU.ActiveCfg = Debug|Any CPU
		{F75A2AAE-41B7-48E6-9033-A0E0AF394512}.Debug|Any CPU.Build.0 = Debug|Any CPU
		{F75A2AAE-41B7-48E6-9033-A0E0AF394512}.Release|Any CPU.ActiveCfg = Release|Any CPU
		{F75A2AAE-41B7-48E6-9033-A0E0AF394512}.Release|Any CPU.Build.0 = Release|Any CPU
		{E2513B33-3E1D-4C01-BD58-1A5719D76224}.Debug|Any CPU.ActiveCfg = Debug|Any CPU
		{E2513B33-3E1D-4C01-BD58-1A5719D76224}.Debug|Any CPU.Build.0 = Debug|Any CPU
		{E2513B33-3E1D-4C01-BD58-1A5719D76224}.Release|Any CPU.ActiveCfg = Release|Any CPU
		{E2513B33-3E1D-4C01-BD58-1A5719D76224}.Release|Any CPU.Build.0 = Release|Any CPU
		{E168B2B8-4371-4B82-A418-EAC16A525618}.Debug|Any CPU.ActiveCfg = Debug|Any CPU
		{E168B2B8-4371-4B82-A418-EAC16A525618}.Debug|Any CPU.Build.0 = Debug|Any CPU
		{E168B2B8-4371-4B82-A418-EAC16A525618}.Release|Any CPU.ActiveCfg = Release|Any CPU
		{E168B2B8-4371-4B82-A418-EAC16A525618}.Release|Any CPU.Build.0 = Release|Any CPU
	EndGlobalSection
EndGlobal
